PATH
  remote: .
  specs:
    blizzard_api (0.6.3)
      redis (~> 4.1, >= 4.1.0)
      thwait (~> 0.2.0)

GEM
  remote: https://rubygems.org/
  specs:
    ast (2.4.2)
    dotenv (2.7.6)
    e2mmap (0.1.0)
    minitest (5.14.4)
    parallel (1.20.1)
    parser (3.0.2.0)
      ast (~> 2.4.1)
    rainbow (3.0.0)
    rake (13.0.6)
    redis (4.3.1)
    regexp_parser (2.1.1)
    rexml (3.2.5)
    rubocop (0.93.1)
      parallel (~> 1.10)
      parser (>= 2.7.1.5)
      rainbow (>= 2.2.2, < 4.0)
      regexp_parser (>= 1.8)
      rexml
      rubocop-ast (>= 0.6.0)
      ruby-progressbar (~> 1.7)
      unicode-display_width (>= 1.4.0, < 2.0)
    rubocop-ast (1.8.0)
      parser (>= 3.0.1.1)
    ruby-progressbar (1.11.0)
    thwait (0.2.0)
      e2mmap
    unicode-display_width (1.7.0)
    yard (0.9.26)

PLATFORMS
  ruby

DEPENDENCIES
  blizzard_api!
  dotenv
  minitest (~> 5.0)
  rake (~> 13.0)
  rubocop (~> 0.61)
  yard

BUNDLED WITH
   2.2.17
